
Microsoft Visual Studio Solution File, Format Version 12.00
# Visual Studio Version 16
VisualStudioVersion = 16.0.31321.278
MinimumVisualStudioVersion = 10.0.40219.1
Project("{FAE04EC0-301F-11D3-BF4B-00C04F79EFBC}") = "CSharp7FirstLook", "CSharp7FirstLook\CSharp7FirstLook.csproj", "{40171F1E-CB7B-461E-8520-FEEFAA9ABA50}"
EndProject
Global
	GlobalSection(SolutionConfigurationPlatforms) = preSolution
		Debug|Any CPU = Debug|Any CPU
		Release|Any CPU = Release|Any CPU
	EndGlobalSection
	GlobalSection(ProjectConfigurationPlatforms) = postSolution
		{40171F1E-CB7B-461E-8520-FEEFAA9ABA50}.Debug|Any CPU.ActiveCfg = Debug|Any CPU
		{40171F1E-CB7B-461E-8520-FEEFAA9ABA50}.Debug|Any CPU.Build.0 = Debug|Any CPU
		{40171F1E-CB7B-461E-8520-FEEFAA9ABA50}.Release|Any CPU.ActiveCfg = Release|Any CPU
		{40171F1E-CB7B-461E-8520-FEEFAA9ABA50}.Release|Any CPU.Build.0 = Release|Any CPU
	EndGlobalSection
	GlobalSection(SolutionProperties) = preSolution
		HideSolutionNode = FALSE
	EndGlobalSection
	GlobalSection(ExtensibilityGlobals) = postSolution
		SolutionGuid = {F51A064C-F565-4076-B439-C1DB16FCD154}
	EndGlobalSection
EndGlobal
